
Microsoft Visual Studio Solution File, Format Version 12.00
# Visual Studio Version 17
VisualStudioVersion = 17.14.36212.18
MinimumVisualStudioVersion = 10.0.40219.1
Project("{2150E333-8FDC-42A3-9474-1A3956D46DE8}") = "API", "API", "{02EA681E-C7D8-13C7-8484-4AC65E1B71E8}"
EndProject
Project("{FAE04EC0-301F-11D3-BF4B-00C04F79EFBC}") = "Reseller.API", "Reseller.API\Reseller.API.csproj", "{0FEC587B-252D-CDCB-86E8-5C5A0CC40422}"
EndProject
Project("{FAE04EC0-301F-11D3-BF4B-00C04F79EFBC}") = "Reseller.Domain", "Reseller.Domain\Reseller.Domain.csproj", "{6ACEEF52-5B83-A6ED-430F-7FF4A89F4074}"
EndProject
Project("{FAE04EC0-301F-11D3-BF4B-00C04F79EFBC}") = "Reseller.Infrastructure", "Reseller.Infrastructure\Reseller.Infrastructure.csproj", "{E2347B6D-CCBB-9A21-FDBA-7020FF579D47}"
EndProject
Project("{FAE04EC0-301F-11D3-BF4B-00C04F79EFBC}") = "Reseller.Service", "Reseller.Service\Reseller.Service.csproj", "{3ECE9203-F08D-2440-37EB-E5649873EEDA}"
EndProject
Project("{FAE04EC0-301F-11D3-BF4B-00C04F79EFBC}") = "Reseller.Test", "Reseller.Test\Reseller.Test.csproj", "{9D19E3C0-23B6-B143-3340-BF96C7ABECA2}"
EndProject
Project("{2150E333-8FDC-42A3-9474-1A3956D46DE8}") = "Microservice", "Microservice", "{FC76A2D1-342A-4AF9-BCD8-BAF1999CC895}"
EndProject
Project("{FAE04EC0-301F-11D3-BF4B-00C04F79EFBC}") = "OrderService", "OrderService\OrderService.csproj", "{6B0F57EB-D070-4D09-A181-15086D2B813D}"
EndProject
Project("{2150E333-8FDC-42A3-9474-1A3956D46DE8}") = "Contracts", "Contracts", "{57FC88F7-3E8A-486A-9095-D5C3452C334A}"
EndProject
Project("{FAE04EC0-301F-11D3-BF4B-00C04F79EFBC}") = "Contracts", "Contracts\Contracts.csproj", "{5F15672C-A7F9-43A1-A473-B3F7AE4B4AD3}"
EndProject
Project("{FAE04EC0-301F-11D3-BF4B-00C04F79EFBC}") = "Shared", "Shared\Shared.csproj", "{71F488F3-D75F-4702-9B0B-953A9B70B69C}"
EndProject
Global
	GlobalSection(SolutionConfigurationPlatforms) = preSolution
		Debug|Any CPU = Debug|Any CPU
		Release|Any CPU = Release|Any CPU
	EndGlobalSection
	GlobalSection(ProjectConfigurationPlatforms) = postSolution
		{0FEC587B-252D-CDCB-86E8-5C5A0CC40422}.Debug|Any CPU.ActiveCfg = Debug|Any CPU
		{0FEC587B-252D-CDCB-86E8-5C5A0CC40422}.Debug|Any CPU.Build.0 = Debug|Any CPU
		{0FEC587B-252D-CDCB-86E8-5C5A0CC40422}.Release|Any CPU.ActiveCfg = Release|Any CPU
		{0FEC587B-252D-CDCB-86E8-5C5A0CC40422}.Release|Any CPU.Build.0 = Release|Any CPU
		{6ACEEF52-5B83-A6ED-430F-7FF4A89F4074}.Debug|Any CPU.ActiveCfg = Debug|Any CPU
		{6ACEEF52-5B83-A6ED-430F-7FF4A89F4074}.Debug|Any CPU.Build.0 = Debug|Any CPU
		{6ACEEF52-5B83-A6ED-430F-7FF4A89F4074}.Release|Any CPU.ActiveCfg = Release|Any CPU
		{6ACEEF52-5B83-A6ED-430F-7FF4A89F4074}.Release|Any CPU.Build.0 = Release|Any CPU
		{E2347B6D-CCBB-9A21-FDBA-7020FF579D47}.Debug|Any CPU.ActiveCfg = Debug|Any CPU
		{E2347B6D-CCBB-9A21-FDBA-7020FF579D47}.Debug|Any CPU.Build.0 = Debug|Any CPU
		{E2347B6D-CCBB-9A21-FDBA-7020FF579D47}.Release|Any CPU.ActiveCfg = Release|Any CPU
		{E2347B6D-CCBB-9A21-FDBA-7020FF579D47}.Release|Any CPU.Build.0 = Release|Any CPU
		{3ECE9203-F08D-2440-37EB-E5649873EEDA}.Debug|Any CPU.ActiveCfg = Debug|Any CPU
		{3ECE9203-F08D-2440-37EB-E5649873EEDA}.Debug|Any CPU.Build.0 = Debug|Any CPU
		{3ECE9203-F08D-2440-37EB-E5649873EEDA}.Release|Any CPU.ActiveCfg = Release|Any CPU
		{3ECE9203-F08D-2440-37EB-E5649873EEDA}.Release|Any CPU.Build.0 = Release|Any CPU
		{9D19E3C0-23B6-B143-3340-BF96C7ABECA2}.Debug|Any CPU.ActiveCfg = Debug|Any CPU
		{9D19E3C0-23B6-B143-3340-BF96C7ABECA2}.Debug|Any CPU.Build.0 = Debug|Any CPU
		{9D19E3C0-23B6-B143-3340-BF96C7ABECA2}.Release|Any CPU.ActiveCfg = Release|Any CPU
		{9D19E3C0-23B6-B143-3340-BF96C7ABECA2}.Release|Any CPU.Build.0 = Release|Any CPU
		{6B0F57EB-D070-4D09-A181-15086D2B813D}.Debug|Any CPU.ActiveCfg = Debug|Any CPU
		{6B0F57EB-D070-4D09-A181-15086D2B813D}.Debug|Any CPU.Build.0 = Debug|Any CPU
		{6B0F57EB-D070-4D09-A181-15086D2B813D}.Release|Any CPU.ActiveCfg = Release|Any CPU
		{6B0F57EB-D070-4D09-A181-15086D2B813D}.Release|Any CPU.Build.0 = Release|Any CPU
		{5F15672C-A7F9-43A1-A473-B3F7AE4B4AD3}.Debug|Any CPU.ActiveCfg = Debug|Any CPU
		{5F15672C-A7F9-43A1-A473-B3F7AE4B4AD3}.Debug|Any CPU.Build.0 = Debug|Any CPU
		{5F15672C-A7F9-43A1-A473-B3F7AE4B4AD3}.Release|Any CPU.ActiveCfg = Release|Any CPU
		{5F15672C-A7F9-43A1-A473-B3F7AE4B4AD3}.Release|Any CPU.Build.0 = Release|Any CPU
		{71F488F3-D75F-4702-9B0B-953A9B70B69C}.Debug|Any CPU.ActiveCfg = Debug|Any CPU
		{71F488F3-D75F-4702-9B0B-953A9B70B69C}.Debug|Any CPU.Build.0 = Debug|Any CPU
		{71F488F3-D75F-4702-9B0B-953A9B70B69C}.Release|Any CPU.ActiveCfg = Release|Any CPU
		{71F488F3-D75F-4702-9B0B-953A9B70B69C}.Release|Any CPU.Build.0 = Release|Any CPU
	EndGlobalSection
	GlobalSection(SolutionProperties) = preSolution
		HideSolutionNode = FALSE
	EndGlobalSection
	GlobalSection(NestedProjects) = preSolution
		{0FEC587B-252D-CDCB-86E8-5C5A0CC40422} = {02EA681E-C7D8-13C7-8484-4AC65E1B71E8}
		{6ACEEF52-5B83-A6ED-430F-7FF4A89F4074} = {02EA681E-C7D8-13C7-8484-4AC65E1B71E8}
		{E2347B6D-CCBB-9A21-FDBA-7020FF579D47} = {02EA681E-C7D8-13C7-8484-4AC65E1B71E8}
		{3ECE9203-F08D-2440-37EB-E5649873EEDA} = {02EA681E-C7D8-13C7-8484-4AC65E1B71E8}
		{9D19E3C0-23B6-B143-3340-BF96C7ABECA2} = {02EA681E-C7D8-13C7-8484-4AC65E1B71E8}
		{6B0F57EB-D070-4D09-A181-15086D2B813D} = {FC76A2D1-342A-4AF9-BCD8-BAF1999CC895}
		{5F15672C-A7F9-43A1-A473-B3F7AE4B4AD3} = {57FC88F7-3E8A-486A-9095-D5C3452C334A}
		{71F488F3-D75F-4702-9B0B-953A9B70B69C} = {FC76A2D1-342A-4AF9-BCD8-BAF1999CC895}
	EndGlobalSection
	GlobalSection(ExtensibilityGlobals) = postSolution
		SolutionGuid = {F7798BA3-2042-4164-9EC1-DC503C216C5B}
	EndGlobalSection
EndGlobal
